
Microsoft Visual Studio Solution File, Format Version 12.00
# Visual Studio Version 16
VisualStudioVersion = 16.0.30320.27
MinimumVisualStudioVersion = 10.0.40219.1
Project("{FAE04EC0-301F-11D3-BF4B-00C04F79EFBC}") = "AsyncSample", "AsyncSample\AsyncSample.csproj", "{7DADE3FA-65D7-48D4-B357-A93748939E5A}"
EndProject
Global
	GlobalSection(SolutionConfigurationPlatforms) = preSolution
		Debug|Any CPU = Debug|Any CPU
		Release|Any CPU = Release|Any CPU
	EndGlobalSection
	GlobalSection(ProjectConfigurationPlatforms) = postSolution
		{7DADE3FA-65D7-48D4-B357-A93748939E5A}.Debug|Any CPU.ActiveCfg = Debug|Any CPU
		{7DADE3FA-65D7-48D4-B357-A93748939E5A}.Debug|Any CPU.Build.0 = Debug|Any CPU
		{7DADE3FA-65D7-48D4-B357-A93748939E5A}.Release|Any CPU.ActiveCfg = Release|Any CPU
		{7DADE3FA-65D7-48D4-B357-A93748939E5A}.Release|Any CPU.Build.0 = Release|Any CPU
	EndGlobalSection
	GlobalSection(SolutionProperties) = preSolution
		HideSolutionNode = FALSE
	EndGlobalSection
	GlobalSection(ExtensibilityGlobals) = postSolution
		SolutionGuid = {8546346F-D37E-454A-98A4-65C2B6C2E687}
	EndGlobalSection
EndGlobal
